
Microsoft Visual Studio Solution File, Format Version 12.00
# Visual Studio Version 17
VisualStudioVersion = 17.2.32516.85
MinimumVisualStudioVersion = 10.0.40219.1
Project("{9A19103F-16F7-4668-BE54-9A1E7A4F7556}") = "Zeon.Blazor.JSRuntime", "Zeon.Blazor.JSRuntime\Zeon.Blazor.JSRuntime.csproj", "{E6426DA1-C9BF-41CE-80B8-4611EC479123}"
EndProject
Project("{2150E333-8FDC-42A3-9474-1A3956D46DE8}") = "wwwroot", "wwwroot", "{726AD064-84C8-4D6C-A12E-7AC92262F1A2}"
EndProject
Project("{2150E333-8FDC-42A3-9474-1A3956D46DE8}") = "CSS", "CSS", "{7AC8E4EA-7F14-42CC-8B7C-1B29F6891A02}"
	ProjectSection(SolutionItems) = preProject
		Zeon.css = Zeon.css
	EndProjectSection
EndProject
Project("{2150E333-8FDC-42A3-9474-1A3956D46DE8}") = "script", "script", "{C9D1E3FB-6F09-4608-BEF2-655070FD0A1D}"
	ProjectSection(SolutionItems) = preProject
		Zeon.js = Zeon.js
	EndProjectSection
EndProject
Project("{9A19103F-16F7-4668-BE54-9A1E7A4F7556}") = "Zeon.Blazor.ZInputContainer", "Zeon.Blazor.ZInputContainer\Zeon.Blazor.ZInputContainer.csproj", "{2DA691FE-E63A-412B-844D-22BFB1CE1CAE}"
EndProject
Project("{9A19103F-16F7-4668-BE54-9A1E7A4F7556}") = "Zeon.Blazor.ZItemChooser", "Zeon.Blazor.ZItemChooser\Zeon.Blazor.ZItemChooser.csproj", "{9FC89C89-AEDA-4F80-B5EC-5ADB1418DBB8}"
EndProject
Project("{9A19103F-16F7-4668-BE54-9A1E7A4F7556}") = "Zeon.Blazor.ZButton", "Zeon.Blazor.ZButton\Zeon.Blazor.ZButton.csproj", "{BA6F0390-DA41-4D80-8358-E44E17A41933}"
EndProject
Global
	GlobalSection(SolutionConfigurationPlatforms) = preSolution
		Debug|Any CPU = Debug|Any CPU
		Release|Any CPU = Release|Any CPU
	EndGlobalSection
	GlobalSection(ProjectConfigurationPlatforms) = postSolution
		{E6426DA1-C9BF-41CE-80B8-4611EC479123}.Debug|Any CPU.ActiveCfg = Debug|Any CPU
		{E6426DA1-C9BF-41CE-80B8-4611EC479123}.Debug|Any CPU.Build.0 = Debug|Any CPU
		{E6426DA1-C9BF-41CE-80B8-4611EC479123}.Release|Any CPU.ActiveCfg = Release|Any CPU
		{E6426DA1-C9BF-41CE-80B8-4611EC479123}.Release|Any CPU.Build.0 = Release|Any CPU
		{2DA691FE-E63A-412B-844D-22BFB1CE1CAE}.Debug|Any CPU.ActiveCfg = Debug|Any CPU
		{2DA691FE-E63A-412B-844D-22BFB1CE1CAE}.Debug|Any CPU.Build.0 = Debug|Any CPU
		{2DA691FE-E63A-412B-844D-22BFB1CE1CAE}.Release|Any CPU.ActiveCfg = Release|Any CPU
		{2DA691FE-E63A-412B-844D-22BFB1CE1CAE}.Release|Any CPU.Build.0 = Release|Any CPU
		{9FC89C89-AEDA-4F80-B5EC-5ADB1418DBB8}.Debug|Any CPU.ActiveCfg = Debug|Any CPU
		{9FC89C89-AEDA-4F80-B5EC-5ADB1418DBB8}.Debug|Any CPU.Build.0 = Debug|Any CPU
		{9FC89C89-AEDA-4F80-B5EC-5ADB1418DBB8}.Release|Any CPU.ActiveCfg = Release|Any CPU
		{9FC89C89-AEDA-4F80-B5EC-5ADB1418DBB8}.Release|Any CPU.Build.0 = Release|Any CPU
		{BA6F0390-DA41-4D80-8358-E44E17A41933}.Debug|Any CPU.ActiveCfg = Debug|Any CPU
		{BA6F0390-DA41-4D80-8358-E44E17A41933}.Debug|Any CPU.Build.0 = Debug|Any CPU
		{BA6F0390-DA41-4D80-8358-E44E17A41933}.Release|Any CPU.ActiveCfg = Release|Any CPU
		{BA6F0390-DA41-4D80-8358-E44E17A41933}.Release|Any CPU.Build.0 = Release|Any CPU
	EndGlobalSection
	GlobalSection(SolutionProperties) = preSolution
		HideSolutionNode = FALSE
	EndGlobalSection
	GlobalSection(NestedProjects) = preSolution
		{7AC8E4EA-7F14-42CC-8B7C-1B29F6891A02} = {726AD064-84C8-4D6C-A12E-7AC92262F1A2}
		{C9D1E3FB-6F09-4608-BEF2-655070FD0A1D} = {726AD064-84C8-4D6C-A12E-7AC92262F1A2}
	EndGlobalSection
	GlobalSection(ExtensibilityGlobals) = postSolution
		SolutionGuid = {6B994C33-BF58-4A56-87FF-456F889E0448}
	EndGlobalSection
EndGlobal
